
Microsoft Visual Studio Solution File, Format Version 12.00
# Visual Studio Version 16
VisualStudioVersion = 16.0.29411.108
MinimumVisualStudioVersion = 10.0.40219.1
Project("{FAE04EC0-301F-11D3-BF4B-00C04F79EFBC}") = "CARS_JSON", "CARS_JSON\CARS_JSON.csproj", "{25CE4C33-D86E-4136-B277-82254978BEC9}"
EndProject
Global
	GlobalSection(SolutionConfigurationPlatforms) = preSolution
		Debug|Any CPU = Debug|Any CPU
		Release|Any CPU = Release|Any CPU
	EndGlobalSection
	GlobalSection(ProjectConfigurationPlatforms) = postSolution
		{25CE4C33-D86E-4136-B277-82254978BEC9}.Debug|Any CPU.ActiveCfg = Debug|Any CPU
		{25CE4C33-D86E-4136-B277-82254978BEC9}.Debug|Any CPU.Build.0 = Debug|Any CPU
		{25CE4C33-D86E-4136-B277-82254978BEC9}.Release|Any CPU.ActiveCfg = Release|Any CPU
		{25CE4C33-D86E-4136-B277-82254978BEC9}.Release|Any CPU.Build.0 = Release|Any CPU
	EndGlobalSection
	GlobalSection(SolutionProperties) = preSolution
		HideSolutionNode = FALSE
	EndGlobalSection
	GlobalSection(ExtensibilityGlobals) = postSolution
		SolutionGuid = {70006F8E-E9C7-45B4-A4AD-365930AE44E0}
	EndGlobalSection
EndGlobal
